
Microsoft Visual Studio Solution File, Format Version 12.00
# Visual Studio Version 17
VisualStudioVersion = 17.4.33205.214
MinimumVisualStudioVersion = 10.0.40219.1
Project("{FAE04EC0-301F-11D3-BF4B-00C04F79EFBC}") = "ClickerPro", "ClickerPro\ClickerPro.csproj", "{1719EB5C-6284-4FDA-A7BA-D13BEED1B4F2}"
EndProject
Global
	GlobalSection(SolutionConfigurationPlatforms) = preSolution
		Debug|Any CPU = Debug|Any CPU
		Release|Any CPU = Release|Any CPU
	EndGlobalSection
	GlobalSection(ProjectConfigurationPlatforms) = postSolution
		{1719EB5C-6284-4FDA-A7BA-D13BEED1B4F2}.Debug|Any CPU.ActiveCfg = Debug|Any CPU
		{1719EB5C-6284-4FDA-A7BA-D13BEED1B4F2}.Debug|Any CPU.Build.0 = Debug|Any CPU
		{1719EB5C-6284-4FDA-A7BA-D13BEED1B4F2}.Release|Any CPU.ActiveCfg = Release|Any CPU
		{1719EB5C-6284-4FDA-A7BA-D13BEED1B4F2}.Release|Any CPU.Build.0 = Release|Any CPU
	EndGlobalSection
	GlobalSection(SolutionProperties) = preSolution
		HideSolutionNode = FALSE
	EndGlobalSection
	GlobalSection(ExtensibilityGlobals) = postSolution
		SolutionGuid = {E7C4E8CC-D181-4230-A071-11632B0B0DCD}
	EndGlobalSection
EndGlobal
